
Microsoft Visual Studio Solution File, Format Version 12.00
# Visual Studio Version 17
VisualStudioVersion = 17.11.35312.102
MinimumVisualStudioVersion = 10.0.40219.1
Project("{FAE04EC0-301F-11D3-BF4B-00C04F79EFBC}") = "StudyAreaManagementSystem", "StudyAreaManagementSystem\StudyAreaManagementSystem.csproj", "{0F0AE60D-C055-470B-8622-CD5800F70C02}"
EndProject
Global
	GlobalSection(SolutionConfigurationPlatforms) = preSolution
		Debug|Any CPU = Debug|Any CPU
		Release|Any CPU = Release|Any CPU
	EndGlobalSection
	GlobalSection(ProjectConfigurationPlatforms) = postSolution
		{0F0AE60D-C055-470B-8622-CD5800F70C02}.Debug|Any CPU.ActiveCfg = Debug|Any CPU
		{0F0AE60D-C055-470B-8622-CD5800F70C02}.Debug|Any CPU.Build.0 = Debug|Any CPU
		{0F0AE60D-C055-470B-8622-CD5800F70C02}.Release|Any CPU.ActiveCfg = Release|Any CPU
		{0F0AE60D-C055-470B-8622-CD5800F70C02}.Release|Any CPU.Build.0 = Release|Any CPU
	EndGlobalSection
	GlobalSection(SolutionProperties) = preSolution
		HideSolutionNode = FALSE
	EndGlobalSection
	GlobalSection(ExtensibilityGlobals) = postSolution
		SolutionGuid = {DB2010ED-2FDA-4A35-8DA5-4E9E8D2BF7A8}
	EndGlobalSection
EndGlobal
